# THIS IS AN AUTOGENERATED FILE. DO NOT EDIT THIS FILE DIRECTLY.
# yarn lockfile v1


"@hyperionbt/helios@0.15.10":
  version "0.15.10"
  resolved "https://registry.yarnpkg.com/@hyperionbt/helios/-/helios-0.15.10.tgz#96037bda4699f0a85baa965adb67b582d6ed6b79"
  integrity sha512-TazFWhV+6ddj72aA2lpfAAItU+OxniIWWdOUgXH+1ekcsKl3O9uOJrF37fIQdN06TU+O4EtBwA5k8c7G+3DTEA==
